{
	"name": "simple-weather",
	"version": "1.0.0",
	"lockfileVersion": 2,
	"requires": true,
	"packages": {
		"": {
			"name": "simple-weather",
			"version": "1.0.0",
			"license": "ISC",
			"dependencies": {
				"luxon": "^2.3.1",
				"requirejs": "^2.3.6"
			}
		},
		"node_modules/luxon": {
			"version": "2.3.1",
			"resolved": "https://registry.npmjs.org/luxon/-/luxon-2.3.1.tgz",
			"integrity": "sha512-I8vnjOmhXsMSlNMZlMkSOvgrxKJl0uOsEzdGgGNZuZPaS9KlefpE9KV95QFftlJSC+1UyCC9/I69R02cz/zcCA==",
			"engines": {
				"node": ">=12"
			}
		},
		"node_modules/requirejs": {
			"version": "2.3.6",
			"resolved": "https://registry.npmjs.org/requirejs/-/requirejs-2.3.6.tgz",
			"integrity": "sha512-ipEzlWQe6RK3jkzikgCupiTbTvm4S0/CAU5GlgptkN5SO6F3u0UD0K18wy6ErDqiCyP4J4YYe1HuAShvsxePLg==",
			"bin": {
				"r_js": "bin/r.js",
				"r.js": "bin/r.js"
			},
			"engines": {
				"node": ">=0.4.0"
			}
		}
	},
	"dependencies": {
		"luxon": {
			"version": "2.3.1",
			"resolved": "https://registry.npmjs.org/luxon/-/luxon-2.3.1.tgz",
			"integrity": "sha512-I8vnjOmhXsMSlNMZlMkSOvgrxKJl0uOsEzdGgGNZuZPaS9KlefpE9KV95QFftlJSC+1UyCC9/I69R02cz/zcCA=="
		},
		"requirejs": {
			"version": "2.3.6",
			"resolved": "https://registry.npmjs.org/requirejs/-/requirejs-2.3.6.tgz",
			"integrity": "sha512-ipEzlWQe6RK3jkzikgCupiTbTvm4S0/CAU5GlgptkN5SO6F3u0UD0K18wy6ErDqiCyP4J4YYe1HuAShvsxePLg=="
		}
	}
}
